
Microsoft Visual Studio Solution File, Format Version 12.00
# Visual Studio Version 16
VisualStudioVersion = 16.0.30523.141
MinimumVisualStudioVersion = 10.0.40219.1
Project("{9A19103F-16F7-4668-BE54-9A1E7A4F7556}") = "PSP.TestsFIxed", "ValidationTests\PSP.TestsFIxed.csproj", "{9FE7B022-98EA-451B-9FE2-3BE64057945E}"
EndProject
Project("{9A19103F-16F7-4668-BE54-9A1E7A4F7556}") = "ValidatorLibrary", "ValidatorLibrary\ValidatorLibrary.csproj", "{143783F3-914F-4689-B731-258EEA6FE8B2}"
EndProject
Project("{9A19103F-16F7-4668-BE54-9A1E7A4F7556}") = "AdditionalTests", "AdditionalTests\AdditionalTests.csproj", "{1086B2A8-2FDA-40F4-A9D3-50552F350757}"
EndProject
Global
	GlobalSection(SolutionConfigurationPlatforms) = preSolution
		Debug|Any CPU = Debug|Any CPU
		Release|Any CPU = Release|Any CPU
	EndGlobalSection
	GlobalSection(ProjectConfigurationPlatforms) = postSolution
		{9FE7B022-98EA-451B-9FE2-3BE64057945E}.Debug|Any CPU.ActiveCfg = Debug|Any CPU
		{9FE7B022-98EA-451B-9FE2-3BE64057945E}.Debug|Any CPU.Build.0 = Debug|Any CPU
		{9FE7B022-98EA-451B-9FE2-3BE64057945E}.Release|Any CPU.ActiveCfg = Release|Any CPU
		{9FE7B022-98EA-451B-9FE2-3BE64057945E}.Release|Any CPU.Build.0 = Release|Any CPU
		{143783F3-914F-4689-B731-258EEA6FE8B2}.Debug|Any CPU.ActiveCfg = Debug|Any CPU
		{143783F3-914F-4689-B731-258EEA6FE8B2}.Debug|Any CPU.Build.0 = Debug|Any CPU
		{143783F3-914F-4689-B731-258EEA6FE8B2}.Release|Any CPU.ActiveCfg = Release|Any CPU
		{143783F3-914F-4689-B731-258EEA6FE8B2}.Release|Any CPU.Build.0 = Release|Any CPU
		{1086B2A8-2FDA-40F4-A9D3-50552F350757}.Debug|Any CPU.ActiveCfg = Debug|Any CPU
		{1086B2A8-2FDA-40F4-A9D3-50552F350757}.Debug|Any CPU.Build.0 = Debug|Any CPU
		{1086B2A8-2FDA-40F4-A9D3-50552F350757}.Release|Any CPU.ActiveCfg = Release|Any CPU
		{1086B2A8-2FDA-40F4-A9D3-50552F350757}.Release|Any CPU.Build.0 = Release|Any CPU
	EndGlobalSection
	GlobalSection(SolutionProperties) = preSolution
		HideSolutionNode = FALSE
	EndGlobalSection
	GlobalSection(ExtensibilityGlobals) = postSolution
		SolutionGuid = {FB92F8D6-D474-4160-AA3E-4551CF3A6D9F}
	EndGlobalSection
EndGlobal
